
Microsoft Visual Studio Solution File, Format Version 12.00
# Visual Studio Version 17
VisualStudioVersion = 17.7.34202.233
MinimumVisualStudioVersion = 10.0.40219.1
Project("{FAE04EC0-301F-11D3-BF4B-00C04F79EFBC}") = "LifeLineClinicDataAccessLayer", "LifeLineClinicDataAccessLayer\LifeLineClinicDataAccessLayer.csproj", "{715A5177-ADD5-4155-9EEB-B352A887FCC3}"
EndProject
Project("{FAE04EC0-301F-11D3-BF4B-00C04F79EFBC}") = "LifeLine.ConsoleApp", "LifeLine.ConsoleApp\LifeLine.ConsoleApp.csproj", "{05457067-DD7C-4454-AD89-132E33D38930}"
EndProject
Global
	GlobalSection(SolutionConfigurationPlatforms) = preSolution
		Debug|Any CPU = Debug|Any CPU
		Release|Any CPU = Release|Any CPU
	EndGlobalSection
	GlobalSection(ProjectConfigurationPlatforms) = postSolution
		{715A5177-ADD5-4155-9EEB-B352A887FCC3}.Debug|Any CPU.ActiveCfg = Debug|Any CPU
		{715A5177-ADD5-4155-9EEB-B352A887FCC3}.Debug|Any CPU.Build.0 = Debug|Any CPU
		{715A5177-ADD5-4155-9EEB-B352A887FCC3}.Release|Any CPU.ActiveCfg = Release|Any CPU
		{715A5177-ADD5-4155-9EEB-B352A887FCC3}.Release|Any CPU.Build.0 = Release|Any CPU
		{05457067-DD7C-4454-AD89-132E33D38930}.Debug|Any CPU.ActiveCfg = Debug|Any CPU
		{05457067-DD7C-4454-AD89-132E33D38930}.Debug|Any CPU.Build.0 = Debug|Any CPU
		{05457067-DD7C-4454-AD89-132E33D38930}.Release|Any CPU.ActiveCfg = Release|Any CPU
		{05457067-DD7C-4454-AD89-132E33D38930}.Release|Any CPU.Build.0 = Release|Any CPU
	EndGlobalSection
	GlobalSection(SolutionProperties) = preSolution
		HideSolutionNode = FALSE
	EndGlobalSection
	GlobalSection(ExtensibilityGlobals) = postSolution
		SolutionGuid = {29F3BB28-D54D-49E1-9C80-B3C40FD54C36}
	EndGlobalSection
EndGlobal
